// !$*UTF8*$!
{
	archiveVersion = 1;
	classes = {
	};
	objectVersion = 46;
	objects = {

/* Begin PBXBuildFile section */
		4CDA553C1A8B51A1005B512E /* main.m in Sources */ = {isa = PBXBuildFile; fileRef = 4CDA553B1A8B51A1005B512E /* main.m */; };
		4CDA553F1A8B51A1005B512E /* AppDelegate.m in Sources */ = {isa = PBXBuildFile; fileRef = 4CDA553E1A8B51A1005B512E /* AppDelegate.m */; };
		4CDA55421A8B51A1005B512E /* ViewController.m in Sources */ = {isa = PBXBuildFile; fileRef = 4CDA55411A8B51A1005B512E /* ViewController.m */; };
		4CDA55451A8B51A1005B512E /* Main.storyboard in Resources */ = {isa = PBXBuildFile; fileRef = 4CDA55431A8B51A1005B512E /* Main.storyboard */; };
		4CDA55471A8B51A1005B512E /* Images.xcassets in Resources */ = {isa = PBXBuildFile; fileRef = 4CDA55461A8B51A1005B512E /* Images.xcassets */; };
		4CDA554A1A8B51A1005B512E /* LaunchScreen.xib in Resources */ = {isa = PBXBuildFile; fileRef = 4CDA55481A8B51A1005B512E /* LaunchScreen.xib */; };
		4CDA55561A8B51A1005B512E /* webViewtestTests.m in Sources */ = {isa = PBXBuildFile; fileRef = 4CDA55551A8B51A1005B512E /* webViewtestTests.m */; };
/* End PBXBuildFile section */

/* Begin PBXContainerItemProxy section */
		4CDA55501A8B51A1005B512E /* PBXContainerItemProxy */ = {
			isa = PBXContainerItemProxy;
			containerPortal = 4CDA552E1A8B51A1005B512E /* Project object */;
			proxyType = 1;
			remoteGlobalIDString = 4CDA55351A8B51A1005B512E;
			remoteInfo = webViewtest;
		};
/* End PBXContainerItemProxy section */

/* Begin PBXFileReference section */
		4CDA55361A8B51A1005B512E /* webViewtest.app */ = {isa = PBXFileReference; explicitFileType = wrapper.application; includeInIndex = 0; path = webViewtest.app; sourceTree = BUILT_PRODUCTS_DIR; };
		4CDA553A1A8B51A1005B512E /* Info.plist */ = {isa = PBXFileReference; lastKnownFileType = text.plist.xml; path = Info.plist; sourceTree = "<group>"; };
		4CDA553B1A8B51A1005B512E /* main.m */ = {isa = PBXFileReference; lastKnownFileType = sourcecode.c.objc; path = main.m; sourceTree = "<group>"; };
		4CDA553D1A8B51A1005B512E /* AppDelegate.h */ = {isa = PBXFileReference; lastKnownFileType = sourcecode.c.h; path = AppDelegate.h; sourceTree = "<group>"; };
		4CDA553E1A8B51A1005B512E /* AppDelegate.m */ = {isa = PBXFileReference; lastKnownFileType = sourcecode.c.objc; path = AppDelegate.m; sourceTree = "<group>"; };
		4CDA55401A8B51A1005B512E /* ViewController.h */ = {isa = PBXFileReference; lastKnownFileType = sourcecode.c.h; path = ViewController.h; sourceTree = "<group>"; };
		4CDA55411A8B51A1005B512E /* ViewController.m */ = {isa = PBXFileReference; lastKnownFileType = sourcecode.c.objc; path = ViewController.m; sourceTree = "<group>"; };
		4CDA55441A8B51A1005B512E /* Base */ = {isa = PBXFileReference; lastKnownFileType = file.storyboard; name = Base; path = Base.lproj/Main.storyboard; sourceTree = "<group>"; };
		4CDA55461A8B51A1005B512E /* Images.xcassets */ = {isa = PBXFileReference; lastKnownFileType = folder.assetcatalog; path = Images.xcassets; sourceTree = "<group>"; };
		4CDA55491A8B51A1005B512E /* Base */ = {isa = PBXFileReference; lastKnownFileType = file.xib; name = Base; path = Base.lproj/LaunchScreen.xib; sourceTree = "<group>"; };
		4CDA554F1A8B51A1005B512E /* webViewtestTests.xctest */ = {isa = PBXFileReference; explicitFileType = wrapper.cfbundle; includeInIndex = 0; path = webViewtestTests.xctest; sourceTree = BUILT_PRODUCTS_DIR; };
		4CDA55541A8B51A1005B512E /* Info.plist */ = {isa = PBXFileReference; lastKnownFileType = text.plist.xml; path = Info.plist; sourceTree = "<group>"; };
		4CDA55551A8B51A1005B512E /* webViewtestTests.m */ = {isa = PBXFileReference; lastKnownFileType = sourcecode.c.objc; path = webViewtestTests.m; sourceTree = "<group>"; };
/* End PBXFileReference section */

/* Begin PBXFrameworksBuildPhase section */
		4CDA55331A8B51A1005B512E /* Frameworks */ = {
			isa = PBXFrameworksBuildPhase;
			buildActionMask = 2147483647;
			files = (
			);
			runOnlyForDeploymentPostprocessing = 0;
		};
		4CDA554C1A8B51A1005B512E /* Frameworks */ = {
			isa = PBXFrameworksBuildPhase;
			buildActionMask = 2147483647;
			files = (
			);
			runOnlyForDeploymentPostprocessing = 0;
		};
/* End PBXFrameworksBuildPhase section */

/* Begin PBXGroup section */
		4CDA552D1A8B51A1005B512E = {
			isa = PBXGroup;
			children = (
				4CDA55381A8B51A1005B512E /* webViewtest */,
				4CDA55521A8B51A1005B512E /* webViewtestTests */,
				4CDA55371A8B51A1005B512E /* Products */,
			);
			sourceTree = "<group>";
		};
		4CDA55371A8B51A1005B512E /* Products */ = {
			isa = PBXGroup;
			children = (
				4CDA55361A8B51A1005B512E /* webViewtest.app */,
				4CDA554F1A8B51A1005B512E /* webViewtestTests.xctest */,
			);
			name = Products;
			sourceTree = "<group>";
		};
		4CDA55381A8B51A1005B512E /* webViewtest */ = {
			isa = PBXGroup;
			children = (
				4CDA553D1A8B51A1005B512E /* AppDelegate.h */,
				4CDA553E1A8B51A1005B512E /* AppDelegate.m */,
				4CDA55401A8B51A1005B512E /* ViewController.h */,
				4CDA55411A8B51A1005B512E /* ViewController.m */,
				4CDA55431A8B51A1005B512E /* Main.storyboard */,
				4CDA55461A8B51A1005B512E /* Images.xcassets */,
				4CDA55481A8B51A1005B512E /* LaunchScreen.xib */,
				4CDA55391A8B51A1005B512E /* Supporting Files */,
			);
			path = webViewtest;
			sourceTree = "<group>";
		};
		4CDA55391A8B51A1005B512E /* Supporting Files */ = {
			isa = PBXGroup;
			children = (
				4CDA553A1A8B51A1005B512E /* Info.plist */,
				4CDA553B1A8B51A1005B512E /* main.m */,
			);
			name = "Supporting Files";
			sourceTree = "<group>";
		};
		4CDA55521A8B51A1005B512E /* webViewtestTests */ = {
			isa = PBXGroup;
			children = (
				4CDA55551A8B51A1005B512E /* webViewtestTests.m */,
				4CDA55531A8B51A1005B512E /* Supporting Files */,
			);
			path = webViewtestTests;
			sourceTree = "<group>";
		};
		4CDA55531A8B51A1005B512E /* Supporting Files */ = {
			isa = PBXGroup;
			children = (
				4CDA55541A8B51A1005B512E /* Info.plist */,
			);
			name = "Supporting Files";
			sourceTree = "<group>";
		};
/* End PBXGroup section */

/* Begin PBXNativeTarget section */
		4CDA55351A8B51A1005B512E /* webViewtest */ = {
			isa = PBXNativeTarget;
			buildConfigurationList = 4CDA55591A8B51A1005B512E /* Build configuration list for PBXNativeTarget "webViewtest" */;
			buildPhases = (
				4CDA55321A8B51A1005B512E /* Sources */,
				4CDA55331A8B51A1005B512E /* Frameworks */,
				4CDA55341A8B51A1005B512E /* Resources */,
			);
			buildRules = (
			);
			dependencies = (
			);
			name = webViewtest;
			productName = webViewtest;
			productReference = 4CDA55361A8B51A1005B512E /* webViewtest.app */;
			productType = "com.apple.product-type.application";
		};
		4CDA554E1A8B51A1005B512E /* webViewtestTests */ = {
			isa = PBXNativeTarget;
			buildConfigurationList = 4CDA555C1A8B51A1005B512E /* Build configuration list for PBXNativeTarget "webViewtestTests" */;
			buildPhases = (
				4CDA554B1A8B51A1005B512E /* Sources */,
				4CDA554C1A8B51A1005B512E /* Frameworks */,
				4CDA554D1A8B51A1005B512E /* Resources */,
			);
			buildRules = (
			);
			dependencies = (
				4CDA55511A8B51A1005B512E /* PBXTargetDependency */,
			);
			name = webViewtestTests;
			productName = webViewtestTests;
			productReference = 4CDA554F1A8B51A1005B512E /* webViewtestTests.xctest */;
			productType = "com.apple.product-type.bundle.unit-test";
		};
/* End PBXNativeTarget section */

/* Begin PBXProject section */
		4CDA552E1A8B51A1005B512E /* Project object */ = {
			isa = PBXProject;
			attributes = {
				LastUpgradeCheck = 0610;
				ORGANIZATIONNAME = tongbaotu;
				TargetAttributes = {
					4CDA55351A8B51A1005B512E = {
						CreatedOnToolsVersion = 6.1;
					};
					4CDA554E1A8B51A1005B512E = {
						CreatedOnToolsVersion = 6.1;
						TestTargetID = 4CDA55351A8B51A1005B512E;
					};
				};
			};
			buildConfigurationList = 4CDA55311A8B51A1005B512E /* Build configuration list for PBXProject "webViewtest" */;
			compatibilityVersion = "Xcode 3.2";
			developmentRegion = English;
			hasScannedForEncodings = 0;
			knownRegions = (
				en,
				Base,
			);
			mainGroup = 4CDA552D1A8B51A1005B512E;
			productRefGroup = 4CDA55371A8B51A1005B512E /* Products */;
			projectDirPath = "";
			projectRoot = "";
			targets = (
				4CDA55351A8B51A1005B512E /* webViewtest */,
				4CDA554E1A8B51A1005B512E /* webViewtestTests */,
			);
		};
/* End PBXProject section */

/* Begin PBXResourcesBuildPhase section */
		4CDA55341A8B51A1005B512E /* Resources */ = {
			isa = PBXResourcesBuildPhase;
			buildActionMask = 2147483647;
			files = (
				4CDA55451A8B51A1005B512E /* Main.storyboard in Resources */,
				4CDA554A1A8B51A1005B512E /* LaunchScreen.xib in Resources */,
				4CDA55471A8B51A1005B512E /* Images.xcassets in Resources */,
			);
			runOnlyForDeploymentPostprocessing = 0;
		};
		4CDA554D1A8B51A1005B512E /* Resources */ = {
			isa = PBXResourcesBuildPhase;
			buildActionMask = 2147483647;
			files = (
			);
			runOnlyForDeploymentPostprocessing = 0;
		};
/* End PBXResourcesBuildPhase section */

/* Begin PBXSourcesBuildPhase section */
		4CDA55321A8B51A1005B512E /* Sources */ = {
			isa = PBXSourcesBuildPhase;
			buildActionMask = 2147483647;
			files = (
				4CDA55421A8B51A1005B512E /* ViewController.m in Sources */,
				4CDA553F1A8B51A1005B512E /* AppDelegate.m in Sources */,
				4CDA553C1A8B51A1005B512E /* main.m in Sources */,
			);
			runOnlyForDeploymentPostprocessing = 0;
		};
		4CDA554B1A8B51A1005B512E /* Sources */ = {
			isa = PBXSourcesBuildPhase;
			buildActionMask = 2147483647;
			files = (
				4CDA55561A8B51A1005B512E /* webViewtestTests.m in Sources */,
			);
			runOnlyForDeploymentPostprocessing = 0;
		};
/* End PBXSourcesBuildPhase section */

/* Begin PBXTargetDependency section */
		4CDA55511A8B51A1005B512E /* PBXTargetDependency */ = {
			isa = PBXTargetDependency;
			target = 4CDA55351A8B51A1005B512E /* webViewtest */;
			targetProxy = 4CDA55501A8B51A1005B512E /* PBXContainerItemProxy */;
		};
/* End PBXTargetDependency section */

/* Begin PBXVariantGroup section */
		4CDA55431A8B51A1005B512E /* Main.storyboard */ = {
			isa = PBXVariantGroup;
			children = (
				4CDA55441A8B51A1005B512E /* Base */,
			);
			name = Main.storyboard;
			sourceTree = "<group>";
		};
		4CDA55481A8B51A1005B512E /* LaunchScreen.xib */ = {
			isa = PBXVariantGroup;
			children = (
				4CDA55491A8B51A1005B512E /* Base */,
			);
			name = LaunchScreen.xib;
			sourceTree = "<group>";
		};
/* End PBXVariantGroup section */

/* Begin XCBuildConfiguration section */
		4CDA55571A8B51A1005B512E /* Debug */ = {
			isa = XCBuildConfiguration;
			buildSettings = {
				ALWAYS_SEARCH_USER_PATHS = NO;
				CLANG_CXX_LANGUAGE_STANDARD = "gnu++0x";
				CLANG_CXX_LIBRARY = "libc++";
				CLANG_ENABLE_MODULES = YES;
				CLANG_ENABLE_OBJC_ARC = YES;
				CLANG_WARN_BOOL_CONVERSION = YES;
				CLANG_WARN_CONSTANT_CONVERSION = YES;
				CLANG_WARN_DIRECT_OBJC_ISA_USAGE = YES_ERROR;
				CLANG_WARN_EMPTY_BODY = YES;
				CLANG_WARN_ENUM_CONVERSION = YES;
				CLANG_WARN_INT_CONVERSION = YES;
				CLANG_WARN_OBJC_ROOT_CLASS = YES_ERROR;
				CLANG_WARN_UNREACHABLE_CODE = YES;
				CLANG_WARN__DUPLICATE_METHOD_MATCH = YES;
				"CODE_SIGN_IDENTITY[sdk=iphoneos*]" = "iPhone Developer";
				COPY_PHASE_STRIP = NO;
				ENABLE_STRICT_OBJC_MSGSEND = YES;
				GCC_C_LANGUAGE_STANDARD = gnu99;
				GCC_DYNAMIC_NO_PIC = NO;
				GCC_OPTIMIZATION_LEVEL = 0;
				GCC_PREPROCESSOR_DEFINITIONS = (
					"DEBUG=1",
					"$(inherited)",
				);
				GCC_SYMBOLS_PRIVATE_EXTERN = NO;
				GCC_WARN_64_TO_32_BIT_CONVERSION = YES;
				GCC_WARN_ABOUT_RETURN_TYPE = YES_ERROR;
				GCC_WARN_UNDECLARED_SELECTOR = YES;
				GCC_WARN_UNINITIALIZED_AUTOS = YES_AGGRESSIVE;
				GCC_WARN_UNUSED_FUNCTION = YES;
				GCC_WARN_UNUSED_VARIABLE = YES;
				IPHONEOS_DEPLOYMENT_TARGET = 8.1;
				MTL_ENABLE_DEBUG_INFO = YES;
				ONLY_ACTIVE_ARCH = YES;
				SDKROOT = iphoneos;
			};
			name = Debug;
		};
		4CDA55581A8B51A1005B512E /* Release */ = {
			isa = XCBuildConfiguration;
			buildSettings = {
				ALWAYS_SEARCH_USER_PATHS = NO;
				CLANG_CXX_LANGUAGE_STANDARD = "gnu++0x";
				CLANG_CXX_LIBRARY = "libc++";
				CLANG_ENABLE_MODULES = YES;
				CLANG_ENABLE_OBJC_ARC = YES;
				CLANG_WARN_BOOL_CONVERSION = YES;
				CLANG_WARN_CONSTANT_CONVERSION = YES;
				CLANG_WARN_DIRECT_OBJC_ISA_USAGE = YES_ERROR;
				CLANG_WARN_EMPTY_BODY = YES;
				CLANG_WARN_ENUM_CONVERSION = YES;
				CLANG_WARN_INT_CONVERSION = YES;
				CLANG_WARN_OBJC_ROOT_CLASS = YES_ERROR;
				CLANG_WARN_UNREACHABLE_CODE = YES;
				CLANG_WARN__DUPLICATE_METHOD_MATCH = YES;
				"CODE_SIGN_IDENTITY[sdk=iphoneos*]" = "iPhone Developer";
				COPY_PHASE_STRIP = YES;
				ENABLE_NS_ASSERTIONS = NO;
				ENABLE_STRICT_OBJC_MSGSEND = YES;
				GCC_C_LANGUAGE_STANDARD = gnu99;
				GCC_WARN_64_TO_32_BIT_CONVERSION = YES;
				GCC_WARN_ABOUT_RETURN_TYPE = YES_ERROR;
				GCC_WARN_UNDECLARED_SELECTOR = YES;
				GCC_WARN_UNINITIALIZED_AUTOS = YES_AGGRESSIVE;
				GCC_WARN_UNUSED_FUNCTION = YES;
				GCC_WARN_UNUSED_VARIABLE = YES;
				IPHONEOS_DEPLOYMENT_TARGET = 8.1;
				MTL_ENABLE_DEBUG_INFO = NO;
				SDKROOT = iphoneos;
				VALIDATE_PRODUCT = YES;
			};
			name = Release;
		};
		4CDA555A1A8B51A1005B512E /* Debug */ = {
			isa = XCBuildConfiguration;
			buildSettings = {
				ASSETCATALOG_COMPILER_APPICON_NAME = AppIcon;
				INFOPLIST_FILE = webViewtest/Info.plist;
				LD_RUNPATH_SEARCH_PATHS = "$(inherited) @executable_path/Frameworks";
				PRODUCT_NAME = "$(TARGET_NAME)";
			};
			name = Debug;
		};
		4CDA555B1A8B51A1005B512E /* Release */ = {
			isa = XCBuildConfiguration;
			buildSettings = {
				ASSETCATALOG_COMPILER_APPICON_NAME = AppIcon;
				INFOPLIST_FILE = webViewtest/Info.plist;
				LD_RUNPATH_SEARCH_PATHS = "$(inherited) @executable_path/Frameworks";
				PRODUCT_NAME = "$(TARGET_NAME)";
			};
			name = Release;
		};
		4CDA555D1A8B51A1005B512E /* Debug */ = {
			isa = XCBuildConfiguration;
			buildSettings = {
				BUNDLE_LOADER = "$(TEST_HOST)";
				FRAMEWORK_SEARCH_PATHS = (
					"$(SDKROOT)/Developer/Library/Frameworks",
					"$(inherited)",
				);
				GCC_PREPROCESSOR_DEFINITIONS = (
					"DEBUG=1",
					"$(inherited)",
				);
				INFOPLIST_FILE = webViewtestTests/Info.plist;
				LD_RUNPATH_SEARCH_PATHS = "$(inherited) @executable_path/Frameworks @loader_path/Frameworks";
				PRODUCT_NAME = "$(TARGET_NAME)";
				TEST_HOST = "$(BUILT_PRODUCTS_DIR)/webViewtest.app/webViewtest";
			};
			name = Debug;
		};
		4CDA555E1A8B51A1005B512E /* Release */ = {
			isa = XCBuildConfiguration;
			buildSettings = {
				BUNDLE_LOADER = "$(TEST_HOST)";
				FRAMEWORK_SEARCH_PATHS = (
					"$(SDKROOT)/Developer/Library/Frameworks",
					"$(inherited)",
				);
				INFOPLIST_FILE = webViewtestTests/Info.plist;
				LD_RUNPATH_SEARCH_PATHS = "$(inherited) @executable_path/Frameworks @loader_path/Frameworks";
				PRODUCT_NAME = "$(TARGET_NAME)";
				TEST_HOST = "$(BUILT_PRODUCTS_DIR)/webViewtest.app/webViewtest";
			};
			name = Release;
		};
/* End XCBuildConfiguration section */

/* Begin XCConfigurationList section */
		4CDA55311A8B51A1005B512E /* Build configuration list for PBXProject "webViewtest" */ = {
			isa = XCConfigurationList;
			buildConfigurations = (
				4CDA55571A8B51A1005B512E /* Debug */,
				4CDA55581A8B51A1005B512E /* Release */,
			);
			defaultConfigurationIsVisible = 0;
			defaultConfigurationName = Release;
		};
		4CDA55591A8B51A1005B512E /* Build configuration list for PBXNativeTarget "webViewtest" */ = {
			isa = XCConfigurationList;
			buildConfigurations = (
				4CDA555A1A8B51A1005B512E /* Debug */,
				4CDA555B1A8B51A1005B512E /* Release */,
			);
			defaultConfigurationIsVisible = 0;
		};
		4CDA555C1A8B51A1005B512E /* Build configuration list for PBXNativeTarget "webViewtestTests" */ = {
			isa = XCConfigurationList;
			buildConfigurations = (
				4CDA555D1A8B51A1005B512E /* Debug */,
				4CDA555E1A8B51A1005B512E /* Release */,
			);
			defaultConfigurationIsVisible = 0;
		};
/* End XCConfigurationList section */
	};
	rootObject = 4CDA552E1A8B51A1005B512E /* Project object */;
}
